// !$*UTF8*$!
{
	archiveVersion = 1;
	classes = {
	};
	objectVersion = 55;
	objects = {

/* Begin PBXBuildFile section */
		7171753B28622DB500B525AA /* SwiftUI_Firebase_AuthApp.swift in Sources */ = {isa = PBXBuildFile; fileRef = 7171753A28622DB500B525AA /* SwiftUI_Firebase_AuthApp.swift */; };
		7171753D28622DB500B525AA /* ContentView.swift in Sources */ = {isa = PBXBuildFile; fileRef = 7171753C28622DB500B525AA /* ContentView.swift */; };
		7171753F28622DB900B525AA /* Assets.xcassets in Resources */ = {isa = PBXBuildFile; fileRef = 7171753E28622DB900B525AA /* Assets.xcassets */; };
		7171754228622DB900B525AA /* Preview Assets.xcassets in Resources */ = {isa = PBXBuildFile; fileRef = 7171754128622DB900B525AA /* Preview Assets.xcassets */; };
		7171754A2862398600B525AA /* FirebaseAuth in Frameworks */ = {isa = PBXBuildFile; productRef = 717175492862398600B525AA /* FirebaseAuth */; };
		7171754C2862398600B525AA /* FirebaseFirestore in Frameworks */ = {isa = PBXBuildFile; productRef = 7171754B2862398600B525AA /* FirebaseFirestore */; };
		7171754E28623A5F00B525AA /* GoogleService-Info.plist in Resources */ = {isa = PBXBuildFile; fileRef = 7171754D28623A5E00B525AA /* GoogleService-Info.plist */; };
		71717550286257F000B525AA /* ListView.swift in Sources */ = {isa = PBXBuildFile; fileRef = 7171754F286257F000B525AA /* ListView.swift */; };
		717175522862589E00B525AA /* Dog.swift in Sources */ = {isa = PBXBuildFile; fileRef = 717175512862589E00B525AA /* Dog.swift */; };
		7171755428625A5C00B525AA /* DataManager.swift in Sources */ = {isa = PBXBuildFile; fileRef = 7171755328625A5C00B525AA /* DataManager.swift */; };
		71ADFCF52862A25A005FC6AB /* NewDogView.swift in Sources */ = {isa = PBXBuildFile; fileRef = 71ADFCF42862A25A005FC6AB /* NewDogView.swift */; };
/* End PBXBuildFile section */

/* Begin PBXFileReference section */
		7171753728622DB500B525AA /* SwiftUI-Firebase-Auth.app */ = {isa = PBXFileReference; explicitFileType = wrapper.application; includeInIndex = 0; path = "SwiftUI-Firebase-Auth.app"; sourceTree = BUILT_PRODUCTS_DIR; };
		7171753A28622DB500B525AA /* SwiftUI_Firebase_AuthApp.swift */ = {isa = PBXFileReference; lastKnownFileType = sourcecode.swift; path = SwiftUI_Firebase_AuthApp.swift; sourceTree = "<group>"; };
		7171753C28622DB500B525AA /* ContentView.swift */ = {isa = PBXFileReference; lastKnownFileType = sourcecode.swift; path = ContentView.swift; sourceTree = "<group>"; };
		7171753E28622DB900B525AA /* Assets.xcassets */ = {isa = PBXFileReference; lastKnownFileType = folder.assetcatalog; path = Assets.xcassets; sourceTree = "<group>"; };
		7171754128622DB900B525AA /* Preview Assets.xcassets */ = {isa = PBXFileReference; lastKnownFileType = folder.assetcatalog; path = "Preview Assets.xcassets"; sourceTree = "<group>"; };
		7171754D28623A5E00B525AA /* GoogleService-Info.plist */ = {isa = PBXFileReference; fileEncoding = 4; lastKnownFileType = text.plist.xml; name = "GoogleService-Info.plist"; path = "../../../Downloads/GoogleService-Info.plist"; sourceTree = "<group>"; };
		7171754F286257F000B525AA /* ListView.swift */ = {isa = PBXFileReference; lastKnownFileType = sourcecode.swift; path = ListView.swift; sourceTree = "<group>"; };
		717175512862589E00B525AA /* Dog.swift */ = {isa = PBXFileReference; lastKnownFileType = sourcecode.swift; path = Dog.swift; sourceTree = "<group>"; };
		7171755328625A5C00B525AA /* DataManager.swift */ = {isa = PBXFileReference; lastKnownFileType = sourcecode.swift; path = DataManager.swift; sourceTree = "<group>"; };
		71ADFCF42862A25A005FC6AB /* NewDogView.swift */ = {isa = PBXFileReference; lastKnownFileType = sourcecode.swift; path = NewDogView.swift; sourceTree = "<group>"; };
/* End PBXFileReference section */

/* Begin PBXFrameworksBuildPhase section */
		7171753428622DB500B525AA /* Frameworks */ = {
			isa = PBXFrameworksBuildPhase;
			buildActionMask = 2147483647;
			files = (
				7171754A2862398600B525AA /* FirebaseAuth in Frameworks */,
				7171754C2862398600B525AA /* FirebaseFirestore in Frameworks */,
			);
			runOnlyForDeploymentPostprocessing = 0;
		};
/* End PBXFrameworksBuildPhase section */

/* Begin PBXGroup section */
		7171752E28622DB500B525AA = {
			isa = PBXGroup;
			children = (
				7171753928622DB500B525AA /* SwiftUI-Firebase-Auth */,
				7171753828622DB500B525AA /* Products */,
			);
			sourceTree = "<group>";
		};
		7171753828622DB500B525AA /* Products */ = {
			isa = PBXGroup;
			children = (
				7171753728622DB500B525AA /* SwiftUI-Firebase-Auth.app */,
			);
			name = Products;
			sourceTree = "<group>";
		};
		7171753928622DB500B525AA /* SwiftUI-Firebase-Auth */ = {
			isa = PBXGroup;
			children = (
				7171753A28622DB500B525AA /* SwiftUI_Firebase_AuthApp.swift */,
				71ADFCF42862A25A005FC6AB /* NewDogView.swift */,
				7171753C28622DB500B525AA /* ContentView.swift */,
				717175512862589E00B525AA /* Dog.swift */,
				7171755328625A5C00B525AA /* DataManager.swift */,
				7171754F286257F000B525AA /* ListView.swift */,
				7171753E28622DB900B525AA /* Assets.xcassets */,
				7171754D28623A5E00B525AA /* GoogleService-Info.plist */,
				7171754028622DB900B525AA /* Preview Content */,
			);
			path = "SwiftUI-Firebase-Auth";
			sourceTree = "<group>";
		};
		7171754028622DB900B525AA /* Preview Content */ = {
			isa = PBXGroup;
			children = (
				7171754128622DB900B525AA /* Preview Assets.xcassets */,
			);
			path = "Preview Content";
			sourceTree = "<group>";
		};
/* End PBXGroup section */

/* Begin PBXNativeTarget section */
		7171753628622DB500B525AA /* SwiftUI-Firebase-Auth */ = {
			isa = PBXNativeTarget;
			buildConfigurationList = 7171754528622DB900B525AA /* Build configuration list for PBXNativeTarget "SwiftUI-Firebase-Auth" */;
			buildPhases = (
				7171753328622DB500B525AA /* Sources */,
				7171753428622DB500B525AA /* Frameworks */,
				7171753528622DB500B525AA /* Resources */,
			);
			buildRules = (
			);
			dependencies = (
			);
			name = "SwiftUI-Firebase-Auth";
			packageProductDependencies = (
				717175492862398600B525AA /* FirebaseAuth */,
				7171754B2862398600B525AA /* FirebaseFirestore */,
			);
			productName = "SwiftUI-Firebase-Auth";
			productReference = 7171753728622DB500B525AA /* SwiftUI-Firebase-Auth.app */;
			productType = "com.apple.product-type.application";
		};
/* End PBXNativeTarget section */

/* Begin PBXProject section */
		7171752F28622DB500B525AA /* Project object */ = {
			isa = PBXProject;
			attributes = {
				BuildIndependentTargetsInParallel = 1;
				LastSwiftUpdateCheck = 1340;
				LastUpgradeCheck = 1340;
				TargetAttributes = {
					7171753628622DB500B525AA = {
						CreatedOnToolsVersion = 13.4;
					};
				};
			};
			buildConfigurationList = 7171753228622DB500B525AA /* Build configuration list for PBXProject "SwiftUI-Firebase-Auth" */;
			compatibilityVersion = "Xcode 13.0";
			developmentRegion = en;
			hasScannedForEncodings = 0;
			knownRegions = (
				en,
				Base,
			);
			mainGroup = 7171752E28622DB500B525AA;
			packageReferences = (
				717175482862398600B525AA /* XCRemoteSwiftPackageReference "firebase-ios-sdk" */,
			);
			productRefGroup = 7171753828622DB500B525AA /* Products */;
			projectDirPath = "";
			projectRoot = "";
			targets = (
				7171753628622DB500B525AA /* SwiftUI-Firebase-Auth */,
			);
		};
/* End PBXProject section */

/* Begin PBXResourcesBuildPhase section */
		7171753528622DB500B525AA /* Resources */ = {
			isa = PBXResourcesBuildPhase;
			buildActionMask = 2147483647;
			files = (
				7171754228622DB900B525AA /* Preview Assets.xcassets in Resources */,
				7171753F28622DB900B525AA /* Assets.xcassets in Resources */,
				7171754E28623A5F00B525AA /* GoogleService-Info.plist in Resources */,
			);
			runOnlyForDeploymentPostprocessing = 0;
		};
/* End PBXResourcesBuildPhase section */

/* Begin PBXSourcesBuildPhase section */
		7171753328622DB500B525AA /* Sources */ = {
			isa = PBXSourcesBuildPhase;
			buildActionMask = 2147483647;
			files = (
				71ADFCF52862A25A005FC6AB /* NewDogView.swift in Sources */,
				7171753D28622DB500B525AA /* ContentView.swift in Sources */,
				7171755428625A5C00B525AA /* DataManager.swift in Sources */,
				7171753B28622DB500B525AA /* SwiftUI_Firebase_AuthApp.swift in Sources */,
				717175522862589E00B525AA /* Dog.swift in Sources */,
				71717550286257F000B525AA /* ListView.swift in Sources */,
			);
			runOnlyForDeploymentPostprocessing = 0;
		};
/* End PBXSourcesBuildPhase section */

/* Begin XCBuildConfiguration section */
		7171754328622DB900B525AA /* Debug */ = {
			isa = XCBuildConfiguration;
			buildSettings = {
				ALWAYS_SEARCH_USER_PATHS = NO;
				CLANG_ANALYZER_NONNULL = YES;
				CLANG_ANALYZER_NUMBER_OBJECT_CONVERSION = YES_AGGRESSIVE;
				CLANG_CXX_LANGUAGE_STANDARD = "gnu++17";
				CLANG_ENABLE_MODULES = YES;
				CLANG_ENABLE_OBJC_ARC = YES;
				CLANG_ENABLE_OBJC_WEAK = YES;
				CLANG_WARN_BLOCK_CAPTURE_AUTORELEASING = YES;
				CLANG_WARN_BOOL_CONVERSION = YES;
				CLANG_WARN_COMMA = YES;
				CLANG_WARN_CONSTANT_CONVERSION = YES;
				CLANG_WARN_DEPRECATED_OBJC_IMPLEMENTATIONS = YES;
				CLANG_WARN_DIRECT_OBJC_ISA_USAGE = YES_ERROR;
				CLANG_WARN_DOCUMENTATION_COMMENTS = YES;
				CLANG_WARN_EMPTY_BODY = YES;
				CLANG_WARN_ENUM_CONVERSION = YES;
				CLANG_WARN_INFINITE_RECURSION = YES;
				CLANG_WARN_INT_CONVERSION = YES;
				CLANG_WARN_NON_LITERAL_NULL_CONVERSION = YES;
				CLANG_WARN_OBJC_IMPLICIT_RETAIN_SELF = YES;
				CLANG_WARN_OBJC_LITERAL_CONVERSION = YES;
				CLANG_WARN_OBJC_ROOT_CLASS = YES_ERROR;
				CLANG_WARN_QUOTED_INCLUDE_IN_FRAMEWORK_HEADER = YES;
				CLANG_WARN_RANGE_LOOP_ANALYSIS = YES;
				CLANG_WARN_STRICT_PROTOTYPES = YES;
				CLANG_WARN_SUSPICIOUS_MOVE = YES;
				CLANG_WARN_UNGUARDED_AVAILABILITY = YES_AGGRESSIVE;
				CLANG_WARN_UNREACHABLE_CODE = YES;
				CLANG_WARN__DUPLICATE_METHOD_MATCH = YES;
				COPY_PHASE_STRIP = NO;
				DEBUG_INFORMATION_FORMAT = dwarf;
				ENABLE_STRICT_OBJC_MSGSEND = YES;
				ENABLE_TESTABILITY = YES;
				GCC_C_LANGUAGE_STANDARD = gnu11;
				GCC_DYNAMIC_NO_PIC = NO;
				GCC_NO_COMMON_BLOCKS = YES;
				GCC_OPTIMIZATION_LEVEL = 0;
				GCC_PREPROCESSOR_DEFINITIONS = (
					"DEBUG=1",
					"$(inherited)",
				);
				GCC_WARN_64_TO_32_BIT_CONVERSION = YES;
				GCC_WARN_ABOUT_RETURN_TYPE = YES_ERROR;
				GCC_WARN_UNDECLARED_SELECTOR = YES;
				GCC_WARN_UNINITIALIZED_AUTOS = YES_AGGRESSIVE;
				GCC_WARN_UNUSED_FUNCTION = YES;
				GCC_WARN_UNUSED_VARIABLE = YES;
				IPHONEOS_DEPLOYMENT_TARGET = 15.5;
				MTL_ENABLE_DEBUG_INFO = INCLUDE_SOURCE;
				MTL_FAST_MATH = YES;
				ONLY_ACTIVE_ARCH = YES;
				SDKROOT = iphoneos;
				SWIFT_ACTIVE_COMPILATION_CONDITIONS = DEBUG;
				SWIFT_OPTIMIZATION_LEVEL = "-Onone";
			};
			name = Debug;
		};
		7171754428622DB900B525AA /* Release */ = {
			isa = XCBuildConfiguration;
			buildSettings = {
				ALWAYS_SEARCH_USER_PATHS = NO;
				CLANG_ANALYZER_NONNULL = YES;
				CLANG_ANALYZER_NUMBER_OBJECT_CONVERSION = YES_AGGRESSIVE;
				CLANG_CXX_LANGUAGE_STANDARD = "gnu++17";
				CLANG_ENABLE_MODULES = YES;
				CLANG_ENABLE_OBJC_ARC = YES;
				CLANG_ENABLE_OBJC_WEAK = YES;
				CLANG_WARN_BLOCK_CAPTURE_AUTORELEASING = YES;
				CLANG_WARN_BOOL_CONVERSION = YES;
				CLANG_WARN_COMMA = YES;
				CLANG_WARN_CONSTANT_CONVERSION = YES;
				CLANG_WARN_DEPRECATED_OBJC_IMPLEMENTATIONS = YES;
				CLANG_WARN_DIRECT_OBJC_ISA_USAGE = YES_ERROR;
				CLANG_WARN_DOCUMENTATION_COMMENTS = YES;
				CLANG_WARN_EMPTY_BODY = YES;
				CLANG_WARN_ENUM_CONVERSION = YES;
				CLANG_WARN_INFINITE_RECURSION = YES;
				CLANG_WARN_INT_CONVERSION = YES;
				CLANG_WARN_NON_LITERAL_NULL_CONVERSION = YES;
				CLANG_WARN_OBJC_IMPLICIT_RETAIN_SELF = YES;
				CLANG_WARN_OBJC_LITERAL_CONVERSION = YES;
				CLANG_WARN_OBJC_ROOT_CLASS = YES_ERROR;
				CLANG_WARN_QUOTED_INCLUDE_IN_FRAMEWORK_HEADER = YES;
				CLANG_WARN_RANGE_LOOP_ANALYSIS = YES;
				CLANG_WARN_STRICT_PROTOTYPES = YES;
				CLANG_WARN_SUSPICIOUS_MOVE = YES;
				CLANG_WARN_UNGUARDED_AVAILABILITY = YES_AGGRESSIVE;
				CLANG_WARN_UNREACHABLE_CODE = YES;
				CLANG_WARN__DUPLICATE_METHOD_MATCH = YES;
				COPY_PHASE_STRIP = NO;
				DEBUG_INFORMATION_FORMAT = "dwarf-with-dsym";
				ENABLE_NS_ASSERTIONS = NO;
				ENABLE_STRICT_OBJC_MSGSEND = YES;
				GCC_C_LANGUAGE_STANDARD = gnu11;
				GCC_NO_COMMON_BLOCKS = YES;
				GCC_WARN_64_TO_32_BIT_CONVERSION = YES;
				GCC_WARN_ABOUT_RETURN_TYPE = YES_ERROR;
				GCC_WARN_UNDECLARED_SELECTOR = YES;
				GCC_WARN_UNINITIALIZED_AUTOS = YES_AGGRESSIVE;
				GCC_WARN_UNUSED_FUNCTION = YES;
				GCC_WARN_UNUSED_VARIABLE = YES;
				IPHONEOS_DEPLOYMENT_TARGET = 15.5;
				MTL_ENABLE_DEBUG_INFO = NO;
				MTL_FAST_MATH = YES;
				SDKROOT = iphoneos;
				SWIFT_COMPILATION_MODE = wholemodule;
				SWIFT_OPTIMIZATION_LEVEL = "-O";
				VALIDATE_PRODUCT = YES;
			};
			name = Release;
		};
		7171754628622DB900B525AA /* Debug */ = {
			isa = XCBuildConfiguration;
			buildSettings = {
				ASSETCATALOG_COMPILER_APPICON_NAME = AppIcon;
				ASSETCATALOG_COMPILER_GLOBAL_ACCENT_COLOR_NAME = AccentColor;
				CODE_SIGN_STYLE = Automatic;
				CURRENT_PROJECT_VERSION = 1;
				DEVELOPMENT_ASSET_PATHS = "\"SwiftUI-Firebase-Auth/Preview Content\"";
				ENABLE_PREVIEWS = YES;
				GENERATE_INFOPLIST_FILE = YES;
				INFOPLIST_KEY_UIApplicationSceneManifest_Generation = YES;
				INFOPLIST_KEY_UIApplicationSupportsIndirectInputEvents = YES;
				INFOPLIST_KEY_UILaunchScreen_Generation = YES;
				INFOPLIST_KEY_UISupportedInterfaceOrientations_iPad = "UIInterfaceOrientationPortrait UIInterfaceOrientationPortraitUpsideDown UIInterfaceOrientationLandscapeLeft UIInterfaceOrientationLandscapeRight";
				INFOPLIST_KEY_UISupportedInterfaceOrientations_iPhone = "UIInterfaceOrientationPortrait UIInterfaceOrientationLandscapeLeft UIInterfaceOrientationLandscapeRight";
				LD_RUNPATH_SEARCH_PATHS = (
					"$(inherited)",
					"@executable_path/Frameworks",
				);
				MARKETING_VERSION = 1.0;
				PRODUCT_BUNDLE_IDENTIFIER = "Leandro.SwiftUI-Firebase-Auth";
				PRODUCT_NAME = "$(TARGET_NAME)";
				SWIFT_EMIT_LOC_STRINGS = YES;
				SWIFT_VERSION = 5.0;
				TARGETED_DEVICE_FAMILY = "1,2";
			};
			name = Debug;
		};
		7171754728622DB900B525AA /* Release */ = {
			isa = XCBuildConfiguration;
			buildSettings = {
				ASSETCATALOG_COMPILER_APPICON_NAME = AppIcon;
				ASSETCATALOG_COMPILER_GLOBAL_ACCENT_COLOR_NAME = AccentColor;
				CODE_SIGN_STYLE = Automatic;
				CURRENT_PROJECT_VERSION = 1;
				DEVELOPMENT_ASSET_PATHS = "\"SwiftUI-Firebase-Auth/Preview Content\"";
				ENABLE_PREVIEWS = YES;
				GENERATE_INFOPLIST_FILE = YES;
				INFOPLIST_KEY_UIApplicationSceneManifest_Generation = YES;
				INFOPLIST_KEY_UIApplicationSupportsIndirectInputEvents = YES;
				INFOPLIST_KEY_UILaunchScreen_Generation = YES;
				INFOPLIST_KEY_UISupportedInterfaceOrientations_iPad = "UIInterfaceOrientationPortrait UIInterfaceOrientationPortraitUpsideDown UIInterfaceOrientationLandscapeLeft UIInterfaceOrientationLandscapeRight";
				INFOPLIST_KEY_UISupportedInterfaceOrientations_iPhone = "UIInterfaceOrientationPortrait UIInterfaceOrientationLandscapeLeft UIInterfaceOrientationLandscapeRight";
				LD_RUNPATH_SEARCH_PATHS = (
					"$(inherited)",
					"@executable_path/Frameworks",
				);
				MARKETING_VERSION = 1.0;
				PRODUCT_BUNDLE_IDENTIFIER = "Leandro.SwiftUI-Firebase-Auth";
				PRODUCT_NAME = "$(TARGET_NAME)";
				SWIFT_EMIT_LOC_STRINGS = YES;
				SWIFT_VERSION = 5.0;
				TARGETED_DEVICE_FAMILY = "1,2";
			};
			name = Release;
		};
/* End XCBuildConfiguration section */

/* Begin XCConfigurationList section */
		7171753228622DB500B525AA /* Build configuration list for PBXProject "SwiftUI-Firebase-Auth" */ = {
			isa = XCConfigurationList;
			buildConfigurations = (
				7171754328622DB900B525AA /* Debug */,
				7171754428622DB900B525AA /* Release */,
			);
			defaultConfigurationIsVisible = 0;
			defaultConfigurationName = Release;
		};
		7171754528622DB900B525AA /* Build configuration list for PBXNativeTarget "SwiftUI-Firebase-Auth" */ = {
			isa = XCConfigurationList;
			buildConfigurations = (
				7171754628622DB900B525AA /* Debug */,
				7171754728622DB900B525AA /* Release */,
			);
			defaultConfigurationIsVisible = 0;
			defaultConfigurationName = Release;
		};
/* End XCConfigurationList section */

/* Begin XCRemoteSwiftPackageReference section */
		717175482862398600B525AA /* XCRemoteSwiftPackageReference "firebase-ios-sdk" */ = {
			isa = XCRemoteSwiftPackageReference;
			repositoryURL = "https://github.com/firebase/firebase-ios-sdk.git";
			requirement = {
				kind = upToNextMajorVersion;
				minimumVersion = 9.0.0;
			};
		};
/* End XCRemoteSwiftPackageReference section */

/* Begin XCSwiftPackageProductDependency section */
		717175492862398600B525AA /* FirebaseAuth */ = {
			isa = XCSwiftPackageProductDependency;
			package = 717175482862398600B525AA /* XCRemoteSwiftPackageReference "firebase-ios-sdk" */;
			productName = FirebaseAuth;
		};
		7171754B2862398600B525AA /* FirebaseFirestore */ = {
			isa = XCSwiftPackageProductDependency;
			package = 717175482862398600B525AA /* XCRemoteSwiftPackageReference "firebase-ios-sdk" */;
			productName = FirebaseFirestore;
		};
/* End XCSwiftPackageProductDependency section */
	};
	rootObject = 7171752F28622DB500B525AA /* Project object */;
}
